
Microsoft Visual Studio Solution File, Format Version 12.00
# Visual Studio Version 16
VisualStudioVersion = 16.0.32002.261
MinimumVisualStudioVersion = 10.0.40219.1
Project("{FAE04EC0-301F-11D3-BF4B-00C04F79EFBC}") = "Execcion-numer-al-cuadrado", "Execcion-numer-al-cuadrado\Execcion-numer-al-cuadrado.csproj", "{FF10ADD7-8156-49FA-B2AB-03BB0B1FFBCB}"
EndProject
Global
	GlobalSection(SolutionConfigurationPlatforms) = preSolution
		Debug|Any CPU = Debug|Any CPU
		Release|Any CPU = Release|Any CPU
	EndGlobalSection
	GlobalSection(ProjectConfigurationPlatforms) = postSolution
		{FF10ADD7-8156-49FA-B2AB-03BB0B1FFBCB}.Debug|Any CPU.ActiveCfg = Debug|Any CPU
		{FF10ADD7-8156-49FA-B2AB-03BB0B1FFBCB}.Debug|Any CPU.Build.0 = Debug|Any CPU
		{FF10ADD7-8156-49FA-B2AB-03BB0B1FFBCB}.Release|Any CPU.ActiveCfg = Release|Any CPU
		{FF10ADD7-8156-49FA-B2AB-03BB0B1FFBCB}.Release|Any CPU.Build.0 = Release|Any CPU
	EndGlobalSection
	GlobalSection(SolutionProperties) = preSolution
		HideSolutionNode = FALSE
	EndGlobalSection
	GlobalSection(ExtensibilityGlobals) = postSolution
		SolutionGuid = {FAC02C10-D828-4154-A5C4-4869350FDA41}
	EndGlobalSection
EndGlobal
